
Microsoft Visual Studio Solution File, Format Version 12.00
Project("{FAE04EC0-301F-11D3-BF4B-00C04F79EFBC}") = "TestLoymax", "TestLoymax\TestLoymax.csproj", "{3AEAAA12-826E-4E9D-B972-BD142217B129}"
EndProject
Project("{2150E333-8FDC-42A3-9474-1A3956D46DE8}") = "Tests", "Tests", "{E83B4272-1636-4B9A-B056-41A037733389}"
EndProject
Project("{FAE04EC0-301F-11D3-BF4B-00C04F79EFBC}") = "MultiThreadedTests", "MultiThreadedTests\MultiThreadedTests.csproj", "{D5B1584D-AB80-4022-BBCE-CFE345B9B841}"
EndProject
Global
	GlobalSection(SolutionConfigurationPlatforms) = preSolution
		Debug|Any CPU = Debug|Any CPU
		Release|Any CPU = Release|Any CPU
	EndGlobalSection
	GlobalSection(ProjectConfigurationPlatforms) = postSolution
		{3AEAAA12-826E-4E9D-B972-BD142217B129}.Debug|Any CPU.ActiveCfg = Debug|Any CPU
		{3AEAAA12-826E-4E9D-B972-BD142217B129}.Debug|Any CPU.Build.0 = Debug|Any CPU
		{3AEAAA12-826E-4E9D-B972-BD142217B129}.Release|Any CPU.ActiveCfg = Release|Any CPU
		{3AEAAA12-826E-4E9D-B972-BD142217B129}.Release|Any CPU.Build.0 = Release|Any CPU
		{D5B1584D-AB80-4022-BBCE-CFE345B9B841}.Debug|Any CPU.ActiveCfg = Debug|Any CPU
		{D5B1584D-AB80-4022-BBCE-CFE345B9B841}.Debug|Any CPU.Build.0 = Debug|Any CPU
		{D5B1584D-AB80-4022-BBCE-CFE345B9B841}.Release|Any CPU.ActiveCfg = Release|Any CPU
		{D5B1584D-AB80-4022-BBCE-CFE345B9B841}.Release|Any CPU.Build.0 = Release|Any CPU
	EndGlobalSection
	GlobalSection(NestedProjects) = preSolution
		{D5B1584D-AB80-4022-BBCE-CFE345B9B841} = {E83B4272-1636-4B9A-B056-41A037733389}
	EndGlobalSection
EndGlobal
